// !$*UTF8*$!
{
	archiveVersion = 1;
	classes = {
	};
	objectVersion = 46;
	objects = {

/* Begin PBXBuildFile section */
		332BB8E71D477D15002AEFD1 /* main.m in Sources */ = {isa = PBXBuildFile; fileRef = 332BB8E61D477D15002AEFD1 /* main.m */; };
		332BB8EF1D477D22002AEFD1 /* NSMutableArray+Sort.m in Sources */ = {isa = PBXBuildFile; fileRef = 332BB8EE1D477D22002AEFD1 /* NSMutableArray+Sort.m */; };
/* End PBXBuildFile section */

/* Begin PBXCopyFilesBuildPhase section */
		332BB8E11D477D15002AEFD1 /* CopyFiles */ = {
			isa = PBXCopyFilesBuildPhase;
			buildActionMask = 2147483647;
			dstPath = /usr/share/man/man1/;
			dstSubfolderSpec = 0;
			files = (
			);
			runOnlyForDeploymentPostprocessing = 1;
		};
/* End PBXCopyFilesBuildPhase section */

/* Begin PBXFileReference section */
		332BB8E31D477D15002AEFD1 /* XCSort */ = {isa = PBXFileReference; explicitFileType = "compiled.mach-o.executable"; includeInIndex = 0; path = XCSort; sourceTree = BUILT_PRODUCTS_DIR; };
		332BB8E61D477D15002AEFD1 /* main.m */ = {isa = PBXFileReference; lastKnownFileType = sourcecode.c.objc; path = main.m; sourceTree = "<group>"; };
		332BB8ED1D477D22002AEFD1 /* NSMutableArray+Sort.h */ = {isa = PBXFileReference; fileEncoding = 4; lastKnownFileType = sourcecode.c.h; path = "NSMutableArray+Sort.h"; sourceTree = "<group>"; };
		332BB8EE1D477D22002AEFD1 /* NSMutableArray+Sort.m */ = {isa = PBXFileReference; fileEncoding = 4; lastKnownFileType = sourcecode.c.objc; path = "NSMutableArray+Sort.m"; sourceTree = "<group>"; };
/* End PBXFileReference section */

/* Begin PBXFrameworksBuildPhase section */
		332BB8E01D477D15002AEFD1 /* Frameworks */ = {
			isa = PBXFrameworksBuildPhase;
			buildActionMask = 2147483647;
			files = (
			);
			runOnlyForDeploymentPostprocessing = 0;
		};
/* End PBXFrameworksBuildPhase section */

/* Begin PBXGroup section */
		332BB8DA1D477D15002AEFD1 = {
			isa = PBXGroup;
			children = (
				332BB8E51D477D15002AEFD1 /* XCSort */,
				332BB8E41D477D15002AEFD1 /* Products */,
			);
			sourceTree = "<group>";
		};
		332BB8E41D477D15002AEFD1 /* Products */ = {
			isa = PBXGroup;
			children = (
				332BB8E31D477D15002AEFD1 /* XCSort */,
			);
			name = Products;
			sourceTree = "<group>";
		};
		332BB8E51D477D15002AEFD1 /* XCSort */ = {
			isa = PBXGroup;
			children = (
				332BB8E61D477D15002AEFD1 /* main.m */,
				332BB8ED1D477D22002AEFD1 /* NSMutableArray+Sort.h */,
				332BB8EE1D477D22002AEFD1 /* NSMutableArray+Sort.m */,
			);
			path = XCSort;
			sourceTree = "<group>";
		};
/* End PBXGroup section */

/* Begin PBXNativeTarget section */
		332BB8E21D477D15002AEFD1 /* XCSort */ = {
			isa = PBXNativeTarget;
			buildConfigurationList = 332BB8EA1D477D15002AEFD1 /* Build configuration list for PBXNativeTarget "XCSort" */;
			buildPhases = (
				332BB8DF1D477D15002AEFD1 /* Sources */,
				332BB8E01D477D15002AEFD1 /* Frameworks */,
				332BB8E11D477D15002AEFD1 /* CopyFiles */,
			);
			buildRules = (
			);
			dependencies = (
			);
			name = XCSort;
			productName = XCSort;
			productReference = 332BB8E31D477D15002AEFD1 /* XCSort */;
			productType = "com.apple.product-type.tool";
		};
/* End PBXNativeTarget section */

/* Begin PBXProject section */
		332BB8DB1D477D15002AEFD1 /* Project object */ = {
			isa = PBXProject;
			attributes = {
				LastUpgradeCheck = 0730;
				ORGANIZATIONNAME = xiaocai;
				TargetAttributes = {
					332BB8E21D477D15002AEFD1 = {
						CreatedOnToolsVersion = 7.3.1;
					};
				};
			};
			buildConfigurationList = 332BB8DE1D477D15002AEFD1 /* Build configuration list for PBXProject "XCSort" */;
			compatibilityVersion = "Xcode 3.2";
			developmentRegion = English;
			hasScannedForEncodings = 0;
			knownRegions = (
				en,
			);
			mainGroup = 332BB8DA1D477D15002AEFD1;
			productRefGroup = 332BB8E41D477D15002AEFD1 /* Products */;
			projectDirPath = "";
			projectRoot = "";
			targets = (
				332BB8E21D477D15002AEFD1 /* XCSort */,
			);
		};
/* End PBXProject section */

/* Begin PBXSourcesBuildPhase section */
		332BB8DF1D477D15002AEFD1 /* Sources */ = {
			isa = PBXSourcesBuildPhase;
			buildActionMask = 2147483647;
			files = (
				332BB8E71D477D15002AEFD1 /* main.m in Sources */,
				332BB8EF1D477D22002AEFD1 /* NSMutableArray+Sort.m in Sources */,
			);
			runOnlyForDeploymentPostprocessing = 0;
		};
/* End PBXSourcesBuildPhase section */

/* Begin XCBuildConfiguration section */
		332BB8E81D477D15002AEFD1 /* Debug */ = {
			isa = XCBuildConfiguration;
			buildSettings = {
				ALWAYS_SEARCH_USER_PATHS = NO;
				CLANG_ANALYZER_NONNULL = YES;
				CLANG_CXX_LANGUAGE_STANDARD = "gnu++0x";
				CLANG_CXX_LIBRARY = "libc++";
				CLANG_ENABLE_MODULES = YES;
				CLANG_ENABLE_OBJC_ARC = YES;
				CLANG_WARN_BOOL_CONVERSION = YES;
				CLANG_WARN_CONSTANT_CONVERSION = YES;
				CLANG_WARN_DIRECT_OBJC_ISA_USAGE = YES_ERROR;
				CLANG_WARN_EMPTY_BODY = YES;
				CLANG_WARN_ENUM_CONVERSION = YES;
				CLANG_WARN_INT_CONVERSION = YES;
				CLANG_WARN_OBJC_ROOT_CLASS = YES_ERROR;
				CLANG_WARN_UNREACHABLE_CODE = YES;
				CLANG_WARN__DUPLICATE_METHOD_MATCH = YES;
				CODE_SIGN_IDENTITY = "-";
				COPY_PHASE_STRIP = NO;
				DEBUG_INFORMATION_FORMAT = dwarf;
				ENABLE_STRICT_OBJC_MSGSEND = YES;
				ENABLE_TESTABILITY = YES;
				GCC_C_LANGUAGE_STANDARD = gnu99;
				GCC_DYNAMIC_NO_PIC = NO;
				GCC_NO_COMMON_BLOCKS = YES;
				GCC_OPTIMIZATION_LEVEL = 0;
				GCC_PREPROCESSOR_DEFINITIONS = (
					"DEBUG=1",
					"$(inherited)",
				);
				GCC_WARN_64_TO_32_BIT_CONVERSION = YES;
				GCC_WARN_ABOUT_RETURN_TYPE = YES_ERROR;
				GCC_WARN_UNDECLARED_SELECTOR = YES;
				GCC_WARN_UNINITIALIZED_AUTOS = YES_AGGRESSIVE;
				GCC_WARN_UNUSED_FUNCTION = YES;
				GCC_WARN_UNUSED_VARIABLE = YES;
				MACOSX_DEPLOYMENT_TARGET = 10.11;
				MTL_ENABLE_DEBUG_INFO = YES;
				ONLY_ACTIVE_ARCH = YES;
				SDKROOT = macosx;
			};
			name = Debug;
		};
		332BB8E91D477D15002AEFD1 /* Release */ = {
			isa = XCBuildConfiguration;
			buildSettings = {
				ALWAYS_SEARCH_USER_PATHS = NO;
				CLANG_ANALYZER_NONNULL = YES;
				CLANG_CXX_LANGUAGE_STANDARD = "gnu++0x";
				CLANG_CXX_LIBRARY = "libc++";
				CLANG_ENABLE_MODULES = YES;
				CLANG_ENABLE_OBJC_ARC = YES;
				CLANG_WARN_BOOL_CONVERSION = YES;
				CLANG_WARN_CONSTANT_CONVERSION = YES;
				CLANG_WARN_DIRECT_OBJC_ISA_USAGE = YES_ERROR;
				CLANG_WARN_EMPTY_BODY = YES;
				CLANG_WARN_ENUM_CONVERSION = YES;
				CLANG_WARN_INT_CONVERSION = YES;
				CLANG_WARN_OBJC_ROOT_CLASS = YES_ERROR;
				CLANG_WARN_UNREACHABLE_CODE = YES;
				CLANG_WARN__DUPLICATE_METHOD_MATCH = YES;
				CODE_SIGN_IDENTITY = "-";
				COPY_PHASE_STRIP = NO;
				DEBUG_INFORMATION_FORMAT = "dwarf-with-dsym";
				ENABLE_NS_ASSERTIONS = NO;
				ENABLE_STRICT_OBJC_MSGSEND = YES;
				GCC_C_LANGUAGE_STANDARD = gnu99;
				GCC_NO_COMMON_BLOCKS = YES;
				GCC_WARN_64_TO_32_BIT_CONVERSION = YES;
				GCC_WARN_ABOUT_RETURN_TYPE = YES_ERROR;
				GCC_WARN_UNDECLARED_SELECTOR = YES;
				GCC_WARN_UNINITIALIZED_AUTOS = YES_AGGRESSIVE;
				GCC_WARN_UNUSED_FUNCTION = YES;
				GCC_WARN_UNUSED_VARIABLE = YES;
				MACOSX_DEPLOYMENT_TARGET = 10.11;
				MTL_ENABLE_DEBUG_INFO = NO;
				SDKROOT = macosx;
			};
			name = Release;
		};
		332BB8EB1D477D15002AEFD1 /* Debug */ = {
			isa = XCBuildConfiguration;
			buildSettings = {
				PRODUCT_NAME = "$(TARGET_NAME)";
			};
			name = Debug;
		};
		332BB8EC1D477D15002AEFD1 /* Release */ = {
			isa = XCBuildConfiguration;
			buildSettings = {
				PRODUCT_NAME = "$(TARGET_NAME)";
			};
			name = Release;
		};
/* End XCBuildConfiguration section */

/* Begin XCConfigurationList section */
		332BB8DE1D477D15002AEFD1 /* Build configuration list for PBXProject "XCSort" */ = {
			isa = XCConfigurationList;
			buildConfigurations = (
				332BB8E81D477D15002AEFD1 /* Debug */,
				332BB8E91D477D15002AEFD1 /* Release */,
			);
			defaultConfigurationIsVisible = 0;
			defaultConfigurationName = Release;
		};
		332BB8EA1D477D15002AEFD1 /* Build configuration list for PBXNativeTarget "XCSort" */ = {
			isa = XCConfigurationList;
			buildConfigurations = (
				332BB8EB1D477D15002AEFD1 /* Debug */,
				332BB8EC1D477D15002AEFD1 /* Release */,
			);
			defaultConfigurationIsVisible = 0;
		};
/* End XCConfigurationList section */
	};
	rootObject = 332BB8DB1D477D15002AEFD1 /* Project object */;
}
